
Microsoft Visual Studio Solution File, Format Version 12.00
# Visual Studio Express 2012 for Windows Desktop
Project("{FAE04EC0-301F-11D3-BF4B-00C04F79EFBC}") = "Community.Hardware.Settings", "Community.Hardware.Settings.csproj", "{9AB1C71D-AE32-4A3E-A234-BA9CFC06AC58}"
EndProject
Project("{8BC9CEB8-8B4A-11D0-8D11-00A0C91BC942}") = "Native", "..\Native\Native.vcxproj", "{904828DC-76B6-4043-AE05-A471A1F249AB}"
EndProject
Global
	GlobalSection(SolutionConfigurationPlatforms) = preSolution
		Debug|Any CPU = Debug|Any CPU
		Debug|Mixed Platforms = Debug|Mixed Platforms
		Debug|Win32 = Debug|Win32
		Release|Any CPU = Release|Any CPU
		Release|Mixed Platforms = Release|Mixed Platforms
		Release|Win32 = Release|Win32
	EndGlobalSection
	GlobalSection(ProjectConfigurationPlatforms) = postSolution
		{9AB1C71D-AE32-4A3E-A234-BA9CFC06AC58}.Debug|Any CPU.ActiveCfg = Debug|Any CPU
		{9AB1C71D-AE32-4A3E-A234-BA9CFC06AC58}.Debug|Any CPU.Build.0 = Debug|Any CPU
		{9AB1C71D-AE32-4A3E-A234-BA9CFC06AC58}.Debug|Mixed Platforms.ActiveCfg = Debug|Any CPU
		{9AB1C71D-AE32-4A3E-A234-BA9CFC06AC58}.Debug|Mixed Platforms.Build.0 = Debug|Any CPU
		{9AB1C71D-AE32-4A3E-A234-BA9CFC06AC58}.Debug|Win32.ActiveCfg = Debug|Any CPU
		{9AB1C71D-AE32-4A3E-A234-BA9CFC06AC58}.Release|Any CPU.ActiveCfg = Release|Any CPU
		{9AB1C71D-AE32-4A3E-A234-BA9CFC06AC58}.Release|Any CPU.Build.0 = Release|Any CPU
		{9AB1C71D-AE32-4A3E-A234-BA9CFC06AC58}.Release|Mixed Platforms.ActiveCfg = Release|Any CPU
		{9AB1C71D-AE32-4A3E-A234-BA9CFC06AC58}.Release|Mixed Platforms.Build.0 = Release|Any CPU
		{9AB1C71D-AE32-4A3E-A234-BA9CFC06AC58}.Release|Win32.ActiveCfg = Release|Any CPU
		{904828DC-76B6-4043-AE05-A471A1F249AB}.Debug|Any CPU.ActiveCfg = Debug|Win32
		{904828DC-76B6-4043-AE05-A471A1F249AB}.Debug|Mixed Platforms.ActiveCfg = Debug|Win32
		{904828DC-76B6-4043-AE05-A471A1F249AB}.Debug|Mixed Platforms.Build.0 = Debug|Win32
		{904828DC-76B6-4043-AE05-A471A1F249AB}.Debug|Win32.ActiveCfg = Debug|Win32
		{904828DC-76B6-4043-AE05-A471A1F249AB}.Debug|Win32.Build.0 = Debug|Win32
		{904828DC-76B6-4043-AE05-A471A1F249AB}.Release|Any CPU.ActiveCfg = Release|Win32
		{904828DC-76B6-4043-AE05-A471A1F249AB}.Release|Mixed Platforms.ActiveCfg = Release|Win32
		{904828DC-76B6-4043-AE05-A471A1F249AB}.Release|Mixed Platforms.Build.0 = Release|Win32
		{904828DC-76B6-4043-AE05-A471A1F249AB}.Release|Win32.ActiveCfg = Release|Win32
		{904828DC-76B6-4043-AE05-A471A1F249AB}.Release|Win32.Build.0 = Release|Win32
	EndGlobalSection
	GlobalSection(SolutionProperties) = preSolution
		HideSolutionNode = FALSE
	EndGlobalSection
EndGlobal
